
Microsoft Visual Studio Solution File, Format Version 12.00
# Visual Studio 15
VisualStudioVersion = 15.0.28010.2036
MinimumVisualStudioVersion = 10.0.40219.1
Project("{FAE04EC0-301F-11D3-BF4B-00C04F79EFBC}") = "Hubcap", "Hubcap\Hubcap.csproj", "{A8FA5C22-6BA9-4BF9-B330-1669820BCC76}"
EndProject
Global
	GlobalSection(SolutionConfigurationPlatforms) = preSolution
		Debug|Any CPU = Debug|Any CPU
		Release|Any CPU = Release|Any CPU
	EndGlobalSection
	GlobalSection(ProjectConfigurationPlatforms) = postSolution
		{A8FA5C22-6BA9-4BF9-B330-1669820BCC76}.Debug|Any CPU.ActiveCfg = Debug|Any CPU
		{A8FA5C22-6BA9-4BF9-B330-1669820BCC76}.Debug|Any CPU.Build.0 = Debug|Any CPU
		{A8FA5C22-6BA9-4BF9-B330-1669820BCC76}.Release|Any CPU.ActiveCfg = Release|Any CPU
		{A8FA5C22-6BA9-4BF9-B330-1669820BCC76}.Release|Any CPU.Build.0 = Release|Any CPU
	EndGlobalSection
	GlobalSection(SolutionProperties) = preSolution
		HideSolutionNode = FALSE
	EndGlobalSection
	GlobalSection(ExtensibilityGlobals) = postSolution
		SolutionGuid = {354E951C-81ED-4CD4-B2BA-60CE686FA8F9}
	EndGlobalSection
EndGlobal
